{
  "version": 4,
  "terraform_version": "1.4.6",
  "serial": 3,
  "lineage": "1b741711-1cc7-c96b-af90-2bb67bd494f6",
  "outputs": {},
  "resources": [
    {
      "mode": "managed",
      "type": "azurerm_key_vault_access_policy",
      "name": "key-vault-policy",
      "provider": "provider[\"registry.terraform.io/hashicorp/azurerm\"]",
      "instances": []
    },
    {
      "mode": "managed",
      "type": "azurerm_template_deployment",
      "name": "deploy-functionapp",
      "provider": "provider[\"registry.terraform.io/hashicorp/azurerm\"]",
      "instances": []
    },
    {
      "mode": "managed",
      "type": "azurerm_template_deployment",
      "name": "deploy-logicapp",
      "provider": "provider[\"registry.terraform.io/hashicorp/azurerm\"]",
      "instances": []
    },
    {
      "mode": "managed",
      "type": "azurerm_template_deployment",
      "name": "deploy-logicapp-recurring",
      "provider": "provider[\"registry.terraform.io/hashicorp/azurerm\"]",
      "instances": []
    },
    {
      "mode": "managed",
      "type": "azurerm_template_deployment",
      "name": "deploy-serverfarms",
      "provider": "provider[\"registry.terraform.io/hashicorp/azurerm\"]",
      "instances": []
    },
    {
      "mode": "managed",
      "type": "azurerm_template_deployment",
      "name": "deploy-storage",
      "provider": "provider[\"registry.terraform.io/hashicorp/azurerm\"]",
      "instances": []
    },
    {
      "mode": "managed",
      "type": "null_resource",
      "name": "next",
      "provider": "provider[\"registry.terraform.io/hashicorp/null\"]",
      "instances": []
    },
    {
      "mode": "managed",
      "type": "null_resource",
      "name": "previous",
      "provider": "provider[\"registry.terraform.io/hashicorp/null\"]",
      "instances": []
    },
    {
      "mode": "managed",
      "type": "null_resource",
      "name": "publish-functionapp",
      "provider": "provider[\"registry.terraform.io/hashicorp/null\"]",
      "instances": []
    },
    {
      "mode": "managed",
      "type": "random_id",
      "name": "rng",
      "provider": "provider[\"registry.terraform.io/hashicorp/random\"]",
      "instances": [
        {
          "schema_version": 0,
          "attributes": {
            "b64_std": "AZ/hXNpDWVk=",
            "b64_url": "AZ_hXNpDWVk",
            "byte_length": 8,
            "dec": "117059904250009945",
            "hex": "019fe15cda435959",
            "id": "AZ_hXNpDWVk",
            "keepers": {
              "first": "2025-02-19T05:42:58Z"
            },
            "prefix": null
          },
          "sensitive_attributes": []
        }
      ]
    },
    {
      "mode": "managed",
      "type": "time_sleep",
      "name": "wait_30_seconds",
      "provider": "provider[\"registry.terraform.io/hashicorp/time\"]",
      "instances": []
    }
  ],
  "check_results": null
}
